
Microsoft Visual Studio Solution File, Format Version 12.00
# Visual Studio Version 16
VisualStudioVersion = 16.0.31605.320
MinimumVisualStudioVersion = 10.0.40219.1
Project("{FAE04EC0-301F-11D3-BF4B-00C04F79EFBC}") = "WordFrequencyCounter", "WordFrequencyCounter\WordFrequencyCounter.csproj", "{8EE9DEF0-E566-4728-90FE-8224A6F5DD0E}"
EndProject
Global
	GlobalSection(SolutionConfigurationPlatforms) = preSolution
		Debug|Any CPU = Debug|Any CPU
		Release|Any CPU = Release|Any CPU
	EndGlobalSection
	GlobalSection(ProjectConfigurationPlatforms) = postSolution
		{8EE9DEF0-E566-4728-90FE-8224A6F5DD0E}.Debug|Any CPU.ActiveCfg = Debug|Any CPU
		{8EE9DEF0-E566-4728-90FE-8224A6F5DD0E}.Debug|Any CPU.Build.0 = Debug|Any CPU
		{8EE9DEF0-E566-4728-90FE-8224A6F5DD0E}.Release|Any CPU.ActiveCfg = Release|Any CPU
		{8EE9DEF0-E566-4728-90FE-8224A6F5DD0E}.Release|Any CPU.Build.0 = Release|Any CPU
	EndGlobalSection
	GlobalSection(SolutionProperties) = preSolution
		HideSolutionNode = FALSE
	EndGlobalSection
	GlobalSection(ExtensibilityGlobals) = postSolution
		SolutionGuid = {81AB58C2-8617-4ED7-B4FB-FF87CAAB5599}
	EndGlobalSection
EndGlobal
